{
  "object": {
    "pins": [
      {
        "package": "TextBufferKit",
        "repositoryURL": "https://github.com/krzyzanowskim/TextBufferKit",
        "state": {
          "branch": "main",
          "revision": "d9d51362cff6a996b5c19488f976da4ee012629e",
          "version": null
        }
      }
    ]
  },
  "version": 1
}
