// !$*UTF8*$!
{
	archiveVersion = 1;
	classes = {
	};
	objectVersion = 50;
	objects = {

/* Begin PBXBuildFile section */
		750AC4C824F27D50004FB229 /* CodeEditView.swift in Sources */ = {isa = PBXBuildFile; fileRef = 750AC4C724F27D50004FB229 /* CodeEditView.swift */; };
		750AC4CA24F27D9E004FB229 /* CodeEdit.swift in Sources */ = {isa = PBXBuildFile; fileRef = 750AC4C924F27D9E004FB229 /* CodeEdit.swift */; };
		750AC4CC24F28293004FB229 /* Position.swift in Sources */ = {isa = PBXBuildFile; fileRef = 750AC4CB24F28293004FB229 /* Position.swift */; };
		750AC4CE24F283EA004FB229 /* TextStorage.swift in Sources */ = {isa = PBXBuildFile; fileRef = 750AC4CD24F283EA004FB229 /* TextStorage.swift */; };
		750AC4D024F283FF004FB229 /* TextStorageProvider.swift in Sources */ = {isa = PBXBuildFile; fileRef = 750AC4CF24F283FF004FB229 /* TextStorageProvider.swift */; };
		750AC4D424F28572004FB229 /* Range.swift in Sources */ = {isa = PBXBuildFile; fileRef = 750AC4D324F28572004FB229 /* Range.swift */; };
		750AC4DC24F28EC2004FB229 /* RopeTextStorageProvider.swift in Sources */ = {isa = PBXBuildFile; fileRef = 750AC4DB24F28EC2004FB229 /* RopeTextStorageProvider.swift */; };
		75EA4C9B24F2B1D700BAA2D9 /* StringTextStorageProvider.swift in Sources */ = {isa = PBXBuildFile; fileRef = 75EA4C9A24F2B1D700BAA2D9 /* StringTextStorageProvider.swift */; };
		75EB017924F27BC10056D96A /* AppDelegate.swift in Sources */ = {isa = PBXBuildFile; fileRef = 75EB017824F27BC10056D96A /* AppDelegate.swift */; };
		75EB017D24F27BC10056D96A /* Assets.xcassets in Resources */ = {isa = PBXBuildFile; fileRef = 75EB017C24F27BC10056D96A /* Assets.xcassets */; };
		75EB018024F27BC10056D96A /* Preview Assets.xcassets in Resources */ = {isa = PBXBuildFile; fileRef = 75EB017F24F27BC10056D96A /* Preview Assets.xcassets */; };
		75EB018324F27BC10056D96A /* Main.storyboard in Resources */ = {isa = PBXBuildFile; fileRef = 75EB018124F27BC10056D96A /* Main.storyboard */; };
/* End PBXBuildFile section */

/* Begin PBXFileReference section */
		750AC4C724F27D50004FB229 /* CodeEditView.swift */ = {isa = PBXFileReference; lastKnownFileType = sourcecode.swift; path = CodeEditView.swift; sourceTree = "<group>"; };
		750AC4C924F27D9E004FB229 /* CodeEdit.swift */ = {isa = PBXFileReference; lastKnownFileType = sourcecode.swift; path = CodeEdit.swift; sourceTree = "<group>"; };
		750AC4CB24F28293004FB229 /* Position.swift */ = {isa = PBXFileReference; lastKnownFileType = sourcecode.swift; path = Position.swift; sourceTree = "<group>"; };
		750AC4CD24F283EA004FB229 /* TextStorage.swift */ = {isa = PBXFileReference; lastKnownFileType = sourcecode.swift; path = TextStorage.swift; sourceTree = "<group>"; };
		750AC4CF24F283FF004FB229 /* TextStorageProvider.swift */ = {isa = PBXFileReference; lastKnownFileType = sourcecode.swift; path = TextStorageProvider.swift; sourceTree = "<group>"; };
		750AC4D324F28572004FB229 /* Range.swift */ = {isa = PBXFileReference; lastKnownFileType = sourcecode.swift; path = Range.swift; sourceTree = "<group>"; };
		750AC4DB24F28EC2004FB229 /* RopeTextStorageProvider.swift */ = {isa = PBXFileReference; lastKnownFileType = sourcecode.swift; path = RopeTextStorageProvider.swift; sourceTree = "<group>"; };
		75EA4C9A24F2B1D700BAA2D9 /* StringTextStorageProvider.swift */ = {isa = PBXFileReference; lastKnownFileType = sourcecode.swift; path = StringTextStorageProvider.swift; sourceTree = "<group>"; };
		75EB017524F27BC10056D96A /* CodeEditViewSample.app */ = {isa = PBXFileReference; explicitFileType = wrapper.application; includeInIndex = 0; path = CodeEditViewSample.app; sourceTree = BUILT_PRODUCTS_DIR; };
		75EB017824F27BC10056D96A /* AppDelegate.swift */ = {isa = PBXFileReference; lastKnownFileType = sourcecode.swift; path = AppDelegate.swift; sourceTree = "<group>"; };
		75EB017C24F27BC10056D96A /* Assets.xcassets */ = {isa = PBXFileReference; lastKnownFileType = folder.assetcatalog; path = Assets.xcassets; sourceTree = "<group>"; };
		75EB017F24F27BC10056D96A /* Preview Assets.xcassets */ = {isa = PBXFileReference; lastKnownFileType = folder.assetcatalog; path = "Preview Assets.xcassets"; sourceTree = "<group>"; };
		75EB018224F27BC10056D96A /* Base */ = {isa = PBXFileReference; lastKnownFileType = file.storyboard; name = Base; path = Base.lproj/Main.storyboard; sourceTree = "<group>"; };
		75EB018424F27BC10056D96A /* Info.plist */ = {isa = PBXFileReference; lastKnownFileType = text.plist.xml; path = Info.plist; sourceTree = "<group>"; };
		75EB018524F27BC10056D96A /* CodeEditViewSample.entitlements */ = {isa = PBXFileReference; lastKnownFileType = text.plist.entitlements; path = CodeEditViewSample.entitlements; sourceTree = "<group>"; };
/* End PBXFileReference section */

/* Begin PBXFrameworksBuildPhase section */
		75EB017224F27BC10056D96A /* Frameworks */ = {
			isa = PBXFrameworksBuildPhase;
			buildActionMask = 2147483647;
			files = (
			);
			runOnlyForDeploymentPostprocessing = 0;
		};
/* End PBXFrameworksBuildPhase section */

/* Begin PBXGroup section */
		750AC4C624F27D3E004FB229 /* CodeEditView */ = {
			isa = PBXGroup;
			children = (
				750AC4C724F27D50004FB229 /* CodeEditView.swift */,
				750AC4C924F27D9E004FB229 /* CodeEdit.swift */,
				750AC4D224F2843B004FB229 /* TextStorage */,
				750AC4D524F28897004FB229 /* Model */,
			);
			path = CodeEditView;
			sourceTree = "<group>";
		};
		750AC4D224F2843B004FB229 /* TextStorage */ = {
			isa = PBXGroup;
			children = (
				750AC4CD24F283EA004FB229 /* TextStorage.swift */,
				750AC4CF24F283FF004FB229 /* TextStorageProvider.swift */,
				750AC4DB24F28EC2004FB229 /* RopeTextStorageProvider.swift */,
				75EA4C9A24F2B1D700BAA2D9 /* StringTextStorageProvider.swift */,
			);
			path = TextStorage;
			sourceTree = "<group>";
		};
		750AC4D524F28897004FB229 /* Model */ = {
			isa = PBXGroup;
			children = (
				750AC4CB24F28293004FB229 /* Position.swift */,
				750AC4D324F28572004FB229 /* Range.swift */,
			);
			path = Model;
			sourceTree = "<group>";
		};
		75EA4C9724F2A3BC00BAA2D9 /* Frameworks */ = {
			isa = PBXGroup;
			children = (
			);
			name = Frameworks;
			sourceTree = "<group>";
		};
		75EB016C24F27BC10056D96A = {
			isa = PBXGroup;
			children = (
				750AC4C624F27D3E004FB229 /* CodeEditView */,
				75EB017724F27BC10056D96A /* CodeEditViewSample */,
				75EB017624F27BC10056D96A /* Products */,
				75EA4C9724F2A3BC00BAA2D9 /* Frameworks */,
			);
			sourceTree = "<group>";
		};
		75EB017624F27BC10056D96A /* Products */ = {
			isa = PBXGroup;
			children = (
				75EB017524F27BC10056D96A /* CodeEditViewSample.app */,
			);
			name = Products;
			sourceTree = "<group>";
		};
		75EB017724F27BC10056D96A /* CodeEditViewSample */ = {
			isa = PBXGroup;
			children = (
				75EB017824F27BC10056D96A /* AppDelegate.swift */,
				75EB017C24F27BC10056D96A /* Assets.xcassets */,
				75EB018124F27BC10056D96A /* Main.storyboard */,
				75EB018424F27BC10056D96A /* Info.plist */,
				75EB018524F27BC10056D96A /* CodeEditViewSample.entitlements */,
				75EB017E24F27BC10056D96A /* Preview Content */,
			);
			name = CodeEditViewSample;
			sourceTree = "<group>";
		};
		75EB017E24F27BC10056D96A /* Preview Content */ = {
			isa = PBXGroup;
			children = (
				75EB017F24F27BC10056D96A /* Preview Assets.xcassets */,
			);
			path = "Preview Content";
			sourceTree = "<group>";
		};
/* End PBXGroup section */

/* Begin PBXNativeTarget section */
		75EB017424F27BC10056D96A /* CodeEditViewSample */ = {
			isa = PBXNativeTarget;
			buildConfigurationList = 75EB018824F27BC10056D96A /* Build configuration list for PBXNativeTarget "CodeEditViewSample" */;
			buildPhases = (
				75EB017124F27BC10056D96A /* Sources */,
				75EB017224F27BC10056D96A /* Frameworks */,
				75EB017324F27BC10056D96A /* Resources */,
			);
			buildRules = (
			);
			dependencies = (
			);
			name = CodeEditViewSample;
			packageProductDependencies = (
			);
			productName = CodeEditViewSample;
			productReference = 75EB017524F27BC10056D96A /* CodeEditViewSample.app */;
			productType = "com.apple.product-type.application";
		};
/* End PBXNativeTarget section */

/* Begin PBXProject section */
		75EB016D24F27BC10056D96A /* Project object */ = {
			isa = PBXProject;
			attributes = {
				LastSwiftUpdateCheck = 1200;
				LastUpgradeCheck = 1200;
				TargetAttributes = {
					75EB017424F27BC10056D96A = {
						CreatedOnToolsVersion = 12.0;
					};
				};
			};
			buildConfigurationList = 75EB017024F27BC10056D96A /* Build configuration list for PBXProject "CodeEditViewSample" */;
			compatibilityVersion = "Xcode 9.3";
			developmentRegion = en;
			hasScannedForEncodings = 0;
			knownRegions = (
				en,
				Base,
			);
			mainGroup = 75EB016C24F27BC10056D96A;
			packageReferences = (
			);
			productRefGroup = 75EB017624F27BC10056D96A /* Products */;
			projectDirPath = "";
			projectRoot = "";
			targets = (
				75EB017424F27BC10056D96A /* CodeEditViewSample */,
			);
		};
/* End PBXProject section */

/* Begin PBXResourcesBuildPhase section */
		75EB017324F27BC10056D96A /* Resources */ = {
			isa = PBXResourcesBuildPhase;
			buildActionMask = 2147483647;
			files = (
				75EB018324F27BC10056D96A /* Main.storyboard in Resources */,
				75EB018024F27BC10056D96A /* Preview Assets.xcassets in Resources */,
				75EB017D24F27BC10056D96A /* Assets.xcassets in Resources */,
			);
			runOnlyForDeploymentPostprocessing = 0;
		};
/* End PBXResourcesBuildPhase section */

/* Begin PBXSourcesBuildPhase section */
		75EB017124F27BC10056D96A /* Sources */ = {
			isa = PBXSourcesBuildPhase;
			buildActionMask = 2147483647;
			files = (
				750AC4C824F27D50004FB229 /* CodeEditView.swift in Sources */,
				750AC4D024F283FF004FB229 /* TextStorageProvider.swift in Sources */,
				75EA4C9B24F2B1D700BAA2D9 /* StringTextStorageProvider.swift in Sources */,
				750AC4D424F28572004FB229 /* Range.swift in Sources */,
				750AC4DC24F28EC2004FB229 /* RopeTextStorageProvider.swift in Sources */,
				750AC4CA24F27D9E004FB229 /* CodeEdit.swift in Sources */,
				750AC4CC24F28293004FB229 /* Position.swift in Sources */,
				750AC4CE24F283EA004FB229 /* TextStorage.swift in Sources */,
				75EB017924F27BC10056D96A /* AppDelegate.swift in Sources */,
			);
			runOnlyForDeploymentPostprocessing = 0;
		};
/* End PBXSourcesBuildPhase section */

/* Begin PBXVariantGroup section */
		75EB018124F27BC10056D96A /* Main.storyboard */ = {
			isa = PBXVariantGroup;
			children = (
				75EB018224F27BC10056D96A /* Base */,
			);
			name = Main.storyboard;
			sourceTree = "<group>";
		};
/* End PBXVariantGroup section */

/* Begin XCBuildConfiguration section */
		75EB018624F27BC10056D96A /* Debug */ = {
			isa = XCBuildConfiguration;
			buildSettings = {
				ALWAYS_SEARCH_USER_PATHS = NO;
				CLANG_ANALYZER_NONNULL = YES;
				CLANG_ANALYZER_NUMBER_OBJECT_CONVERSION = YES_AGGRESSIVE;
				CLANG_CXX_LANGUAGE_STANDARD = "gnu++14";
				CLANG_CXX_LIBRARY = "libc++";
				CLANG_ENABLE_MODULES = YES;
				CLANG_ENABLE_OBJC_ARC = YES;
				CLANG_ENABLE_OBJC_WEAK = YES;
				CLANG_WARN_BLOCK_CAPTURE_AUTORELEASING = YES;
				CLANG_WARN_BOOL_CONVERSION = YES;
				CLANG_WARN_COMMA = YES;
				CLANG_WARN_CONSTANT_CONVERSION = YES;
				CLANG_WARN_DEPRECATED_OBJC_IMPLEMENTATIONS = YES;
				CLANG_WARN_DIRECT_OBJC_ISA_USAGE = YES_ERROR;
				CLANG_WARN_DOCUMENTATION_COMMENTS = YES;
				CLANG_WARN_EMPTY_BODY = YES;
				CLANG_WARN_ENUM_CONVERSION = YES;
				CLANG_WARN_INFINITE_RECURSION = YES;
				CLANG_WARN_INT_CONVERSION = YES;
				CLANG_WARN_NON_LITERAL_NULL_CONVERSION = YES;
				CLANG_WARN_OBJC_IMPLICIT_RETAIN_SELF = YES;
				CLANG_WARN_OBJC_LITERAL_CONVERSION = YES;
				CLANG_WARN_OBJC_ROOT_CLASS = YES_ERROR;
				CLANG_WARN_QUOTED_INCLUDE_IN_FRAMEWORK_HEADER = YES;
				CLANG_WARN_RANGE_LOOP_ANALYSIS = YES;
				CLANG_WARN_STRICT_PROTOTYPES = YES;
				CLANG_WARN_SUSPICIOUS_MOVE = YES;
				CLANG_WARN_UNGUARDED_AVAILABILITY = YES_AGGRESSIVE;
				CLANG_WARN_UNREACHABLE_CODE = YES;
				CLANG_WARN__DUPLICATE_METHOD_MATCH = YES;
				COPY_PHASE_STRIP = NO;
				DEBUG_INFORMATION_FORMAT = dwarf;
				ENABLE_STRICT_OBJC_MSGSEND = YES;
				ENABLE_TESTABILITY = YES;
				GCC_C_LANGUAGE_STANDARD = gnu11;
				GCC_DYNAMIC_NO_PIC = NO;
				GCC_NO_COMMON_BLOCKS = YES;
				GCC_OPTIMIZATION_LEVEL = 0;
				GCC_PREPROCESSOR_DEFINITIONS = (
					"DEBUG=1",
					"$(inherited)",
				);
				GCC_WARN_64_TO_32_BIT_CONVERSION = YES;
				GCC_WARN_ABOUT_RETURN_TYPE = YES_ERROR;
				GCC_WARN_UNDECLARED_SELECTOR = YES;
				GCC_WARN_UNINITIALIZED_AUTOS = YES_AGGRESSIVE;
				GCC_WARN_UNUSED_FUNCTION = YES;
				GCC_WARN_UNUSED_VARIABLE = YES;
				MACOSX_DEPLOYMENT_TARGET = 10.15;
				MTL_ENABLE_DEBUG_INFO = INCLUDE_SOURCE;
				MTL_FAST_MATH = YES;
				ONLY_ACTIVE_ARCH = YES;
				SDKROOT = macosx;
				SWIFT_ACTIVE_COMPILATION_CONDITIONS = DEBUG;
				SWIFT_OPTIMIZATION_LEVEL = "-Onone";
			};
			name = Debug;
		};
		75EB018724F27BC10056D96A /* Release */ = {
			isa = XCBuildConfiguration;
			buildSettings = {
				ALWAYS_SEARCH_USER_PATHS = NO;
				CLANG_ANALYZER_NONNULL = YES;
				CLANG_ANALYZER_NUMBER_OBJECT_CONVERSION = YES_AGGRESSIVE;
				CLANG_CXX_LANGUAGE_STANDARD = "gnu++14";
				CLANG_CXX_LIBRARY = "libc++";
				CLANG_ENABLE_MODULES = YES;
				CLANG_ENABLE_OBJC_ARC = YES;
				CLANG_ENABLE_OBJC_WEAK = YES;
				CLANG_WARN_BLOCK_CAPTURE_AUTORELEASING = YES;
				CLANG_WARN_BOOL_CONVERSION = YES;
				CLANG_WARN_COMMA = YES;
				CLANG_WARN_CONSTANT_CONVERSION = YES;
				CLANG_WARN_DEPRECATED_OBJC_IMPLEMENTATIONS = YES;
				CLANG_WARN_DIRECT_OBJC_ISA_USAGE = YES_ERROR;
				CLANG_WARN_DOCUMENTATION_COMMENTS = YES;
				CLANG_WARN_EMPTY_BODY = YES;
				CLANG_WARN_ENUM_CONVERSION = YES;
				CLANG_WARN_INFINITE_RECURSION = YES;
				CLANG_WARN_INT_CONVERSION = YES;
				CLANG_WARN_NON_LITERAL_NULL_CONVERSION = YES;
				CLANG_WARN_OBJC_IMPLICIT_RETAIN_SELF = YES;
				CLANG_WARN_OBJC_LITERAL_CONVERSION = YES;
				CLANG_WARN_OBJC_ROOT_CLASS = YES_ERROR;
				CLANG_WARN_QUOTED_INCLUDE_IN_FRAMEWORK_HEADER = YES;
				CLANG_WARN_RANGE_LOOP_ANALYSIS = YES;
				CLANG_WARN_STRICT_PROTOTYPES = YES;
				CLANG_WARN_SUSPICIOUS_MOVE = YES;
				CLANG_WARN_UNGUARDED_AVAILABILITY = YES_AGGRESSIVE;
				CLANG_WARN_UNREACHABLE_CODE = YES;
				CLANG_WARN__DUPLICATE_METHOD_MATCH = YES;
				COPY_PHASE_STRIP = NO;
				DEBUG_INFORMATION_FORMAT = "dwarf-with-dsym";
				ENABLE_NS_ASSERTIONS = NO;
				ENABLE_STRICT_OBJC_MSGSEND = YES;
				GCC_C_LANGUAGE_STANDARD = gnu11;
				GCC_NO_COMMON_BLOCKS = YES;
				GCC_WARN_64_TO_32_BIT_CONVERSION = YES;
				GCC_WARN_ABOUT_RETURN_TYPE = YES_ERROR;
				GCC_WARN_UNDECLARED_SELECTOR = YES;
				GCC_WARN_UNINITIALIZED_AUTOS = YES_AGGRESSIVE;
				GCC_WARN_UNUSED_FUNCTION = YES;
				GCC_WARN_UNUSED_VARIABLE = YES;
				MACOSX_DEPLOYMENT_TARGET = 10.15;
				MTL_ENABLE_DEBUG_INFO = NO;
				MTL_FAST_MATH = YES;
				SDKROOT = macosx;
				SWIFT_COMPILATION_MODE = wholemodule;
				SWIFT_OPTIMIZATION_LEVEL = "-O";
			};
			name = Release;
		};
		75EB018924F27BC10056D96A /* Debug */ = {
			isa = XCBuildConfiguration;
			buildSettings = {
				ASSETCATALOG_COMPILER_APPICON_NAME = AppIcon;
				ASSETCATALOG_COMPILER_GLOBAL_ACCENT_COLOR_NAME = AccentColor;
				CODE_SIGN_ENTITLEMENTS = CodeEditViewSample.entitlements;
				CODE_SIGN_STYLE = Automatic;
				COMBINE_HIDPI_IMAGES = YES;
				DEVELOPMENT_ASSET_PATHS = "\"Preview Content\"";
				ENABLE_PREVIEWS = YES;
				INFOPLIST_FILE = Info.plist;
				LD_RUNPATH_SEARCH_PATHS = (
					"$(inherited)",
					"@executable_path/../Frameworks",
				);
				PRODUCT_BUNDLE_IDENTIFIER = best.swift.CodeEditViewSample;
				PRODUCT_NAME = "$(TARGET_NAME)";
				SWIFT_VERSION = 5.0;
			};
			name = Debug;
		};
		75EB018A24F27BC10056D96A /* Release */ = {
			isa = XCBuildConfiguration;
			buildSettings = {
				ASSETCATALOG_COMPILER_APPICON_NAME = AppIcon;
				ASSETCATALOG_COMPILER_GLOBAL_ACCENT_COLOR_NAME = AccentColor;
				CODE_SIGN_ENTITLEMENTS = CodeEditViewSample.entitlements;
				CODE_SIGN_STYLE = Automatic;
				COMBINE_HIDPI_IMAGES = YES;
				DEVELOPMENT_ASSET_PATHS = "\"Preview Content\"";
				ENABLE_PREVIEWS = YES;
				INFOPLIST_FILE = Info.plist;
				LD_RUNPATH_SEARCH_PATHS = (
					"$(inherited)",
					"@executable_path/../Frameworks",
				);
				PRODUCT_BUNDLE_IDENTIFIER = best.swift.CodeEditViewSample;
				PRODUCT_NAME = "$(TARGET_NAME)";
				SWIFT_VERSION = 5.0;
			};
			name = Release;
		};
/* End XCBuildConfiguration section */

/* Begin XCConfigurationList section */
		75EB017024F27BC10056D96A /* Build configuration list for PBXProject "CodeEditViewSample" */ = {
			isa = XCConfigurationList;
			buildConfigurations = (
				75EB018624F27BC10056D96A /* Debug */,
				75EB018724F27BC10056D96A /* Release */,
			);
			defaultConfigurationIsVisible = 0;
			defaultConfigurationName = Release;
		};
		75EB018824F27BC10056D96A /* Build configuration list for PBXNativeTarget "CodeEditViewSample" */ = {
			isa = XCConfigurationList;
			buildConfigurations = (
				75EB018924F27BC10056D96A /* Debug */,
				75EB018A24F27BC10056D96A /* Release */,
			);
			defaultConfigurationIsVisible = 0;
			defaultConfigurationName = Release;
		};
/* End XCConfigurationList section */
	};
	rootObject = 75EB016D24F27BC10056D96A /* Project object */;
}
